
Microsoft Visual Studio Solution File, Format Version 12.00
# Visual Studio Version 17
VisualStudioVersion = 17.5.33516.290
MinimumVisualStudioVersion = 10.0.40219.1
Project("{FAE04EC0-301F-11D3-BF4B-00C04F79EFBC}") = "Escola", "Escola.csproj", "{426FCC33-D346-43E8-A967-C1A0B1AFF305}"
EndProject
Global
	GlobalSection(SolutionConfigurationPlatforms) = preSolution
		Debug|Any CPU = Debug|Any CPU
		Release|Any CPU = Release|Any CPU
	EndGlobalSection
	GlobalSection(ProjectConfigurationPlatforms) = postSolution
		{426FCC33-D346-43E8-A967-C1A0B1AFF305}.Debug|Any CPU.ActiveCfg = Debug|Any CPU
		{426FCC33-D346-43E8-A967-C1A0B1AFF305}.Debug|Any CPU.Build.0 = Debug|Any CPU
		{426FCC33-D346-43E8-A967-C1A0B1AFF305}.Release|Any CPU.ActiveCfg = Release|Any CPU
		{426FCC33-D346-43E8-A967-C1A0B1AFF305}.Release|Any CPU.Build.0 = Release|Any CPU
	EndGlobalSection
	GlobalSection(SolutionProperties) = preSolution
		HideSolutionNode = FALSE
	EndGlobalSection
	GlobalSection(ExtensibilityGlobals) = postSolution
		SolutionGuid = {43BFD618-6618-49B7-A963-7822C9C125C2}
	EndGlobalSection
EndGlobal
